
Microsoft Visual Studio Solution File, Format Version 12.00
# Visual Studio 15
VisualStudioVersion = 15.0.28307.1259
MinimumVisualStudioVersion = 10.0.40219.1
Project("{FAE04EC0-301F-11D3-BF4B-00C04F79EFBC}") = "WebApplication1", "WebApplication1\WebApplication1.csproj", "{DC638502-88D9-4BA2-A434-782340BE36FA}"
EndProject
Global
	GlobalSection(SolutionConfigurationPlatforms) = preSolution
		Debug|Any CPU = Debug|Any CPU
		Release|Any CPU = Release|Any CPU
	EndGlobalSection
	GlobalSection(ProjectConfigurationPlatforms) = postSolution
		{DC638502-88D9-4BA2-A434-782340BE36FA}.Debug|Any CPU.ActiveCfg = Debug|Any CPU
		{DC638502-88D9-4BA2-A434-782340BE36FA}.Debug|Any CPU.Build.0 = Debug|Any CPU
		{DC638502-88D9-4BA2-A434-782340BE36FA}.Release|Any CPU.ActiveCfg = Release|Any CPU
		{DC638502-88D9-4BA2-A434-782340BE36FA}.Release|Any CPU.Build.0 = Release|Any CPU
	EndGlobalSection
	GlobalSection(SolutionProperties) = preSolution
		HideSolutionNode = FALSE
	EndGlobalSection
	GlobalSection(ExtensibilityGlobals) = postSolution
		SolutionGuid = {01B97DFC-C8EE-48C3-8AE1-D734F3759D3F}
	EndGlobalSection
EndGlobal
